
Microsoft Visual Studio Solution File, Format Version 11.00
# Visual Studio 2010
Project("{FAE04EC0-301F-11D3-BF4B-00C04F79EFBC}") = "UnityEditor.UI", "UnityEditor.UI.csproj", "{193a65f8-df9c-1b15-ea1a-e0440da7d351}"
EndProject
Project("{FAE04EC0-301F-11D3-BF4B-00C04F79EFBC}") = "UnityEngine.UI", "UnityEngine.UI.csproj", "{1e980f6b-b3ca-58b7-b1cb-9d532ce75cb7}"
EndProject
Global
	GlobalSection(SolutionConfigurationPlatforms) = preSolution
		Debug|Any CPU = Debug|Any CPU
	EndGlobalSection
	GlobalSection(ProjectConfigurationPlatforms) = postSolution
		{193a65f8-df9c-1b15-ea1a-e0440da7d351}.Debug|Any CPU.ActiveCfg = Debug|Any CPU
		{193a65f8-df9c-1b15-ea1a-e0440da7d351}.Debug|Any CPU.Build.0 = Debug|Any CPU
		{1e980f6b-b3ca-58b7-b1cb-9d532ce75cb7}.Debug|Any CPU.ActiveCfg = Debug|Any CPU
		{1e980f6b-b3ca-58b7-b1cb-9d532ce75cb7}.Debug|Any CPU.Build.0 = Debug|Any CPU
	EndGlobalSection
	GlobalSection(SolutionProperties) = preSolution
		HideSolutionNode = FALSE
	EndGlobalSection
EndGlobal
